
Microsoft Visual Studio Solution File, Format Version 12.00
# Visual Studio Version 17
VisualStudioVersion = 17.7.34221.43
MinimumVisualStudioVersion = 10.0.40219.1
Project("{FAE04EC0-301F-11D3-BF4B-00C04F79EFBC}") = "RailwayProject", "RailwayProject\RailwayProject.csproj", "{C237E076-74F0-4BDC-95CB-72D18E9C7129}"
EndProject
Global
	GlobalSection(SolutionConfigurationPlatforms) = preSolution
		Debug|Any CPU = Debug|Any CPU
		Release|Any CPU = Release|Any CPU
	EndGlobalSection
	GlobalSection(ProjectConfigurationPlatforms) = postSolution
		{C237E076-74F0-4BDC-95CB-72D18E9C7129}.Debug|Any CPU.ActiveCfg = Debug|Any CPU
		{C237E076-74F0-4BDC-95CB-72D18E9C7129}.Debug|Any CPU.Build.0 = Debug|Any CPU
		{C237E076-74F0-4BDC-95CB-72D18E9C7129}.Release|Any CPU.ActiveCfg = Release|Any CPU
		{C237E076-74F0-4BDC-95CB-72D18E9C7129}.Release|Any CPU.Build.0 = Release|Any CPU
	EndGlobalSection
	GlobalSection(SolutionProperties) = preSolution
		HideSolutionNode = FALSE
	EndGlobalSection
	GlobalSection(ExtensibilityGlobals) = postSolution
		SolutionGuid = {4D407FF0-984F-450B-AE27-E2E4D7F44E68}
	EndGlobalSection
EndGlobal
